
Microsoft Visual Studio Solution File, Format Version 10.00
# Visual Studio 2008
Project("{FAE04EC0-301F-11D3-BF4B-00C04F79EFBC}") = "BareBonesRadioButton", "BareBonesRadioButton\BareBonesRadioButton.csproj", "{39613F2A-9E74-46EA-BD86-CF34E52E55DC}"
EndProject
Global
	GlobalSection(SolutionConfigurationPlatforms) = preSolution
		Debug|Any CPU = Debug|Any CPU
		Release|Any CPU = Release|Any CPU
	EndGlobalSection
	GlobalSection(ProjectConfigurationPlatforms) = postSolution
		{39613F2A-9E74-46EA-BD86-CF34E52E55DC}.Debug|Any CPU.ActiveCfg = Debug|Any CPU
		{39613F2A-9E74-46EA-BD86-CF34E52E55DC}.Debug|Any CPU.Build.0 = Debug|Any CPU
		{39613F2A-9E74-46EA-BD86-CF34E52E55DC}.Release|Any CPU.ActiveCfg = Release|Any CPU
		{39613F2A-9E74-46EA-BD86-CF34E52E55DC}.Release|Any CPU.Build.0 = Release|Any CPU
	EndGlobalSection
EndGlobal
