
Microsoft Visual Studio Solution File, Format Version 10.00
# Visual Studio 2008
Project("{FAE04EC0-301F-11D3-BF4B-00C04F79EFBC}") = "CentralizedTriggers", "CentralizedTriggers\CentralizedTriggers.csproj", "{ABBD2D31-6849-4DE4-808A-D5F06D5F897B}"
EndProject
Global
	GlobalSection(SolutionConfigurationPlatforms) = preSolution
		Debug|Any CPU = Debug|Any CPU
		Release|Any CPU = Release|Any CPU
	EndGlobalSection
	GlobalSection(ProjectConfigurationPlatforms) = postSolution
		{ABBD2D31-6849-4DE4-808A-D5F06D5F897B}.Debug|Any CPU.ActiveCfg = Debug|Any CPU
		{ABBD2D31-6849-4DE4-808A-D5F06D5F897B}.Debug|Any CPU.Build.0 = Debug|Any CPU
		{ABBD2D31-6849-4DE4-808A-D5F06D5F897B}.Release|Any CPU.ActiveCfg = Release|Any CPU
		{ABBD2D31-6849-4DE4-808A-D5F06D5F897B}.Release|Any CPU.Build.0 = Release|Any CPU
	EndGlobalSection
EndGlobal
