
Microsoft Visual Studio Solution File, Format Version 10.00
# Visual Studio 2008
Project("{FAE04EC0-301F-11D3-BF4B-00C04F79EFBC}") = "FontProperties", "FontProperties\FontProperties.csproj", "{A18E5208-144C-41DD-B24E-6D5B40CF847B}"
EndProject
Global
	GlobalSection(SolutionConfigurationPlatforms) = preSolution
		Debug|Any CPU = Debug|Any CPU
		Release|Any CPU = Release|Any CPU
	EndGlobalSection
	GlobalSection(ProjectConfigurationPlatforms) = postSolution
		{A18E5208-144C-41DD-B24E-6D5B40CF847B}.Debug|Any CPU.ActiveCfg = Debug|Any CPU
		{A18E5208-144C-41DD-B24E-6D5B40CF847B}.Debug|Any CPU.Build.0 = Debug|Any CPU
		{A18E5208-144C-41DD-B24E-6D5B40CF847B}.Release|Any CPU.ActiveCfg = Release|Any CPU
		{A18E5208-144C-41DD-B24E-6D5B40CF847B}.Release|Any CPU.Build.0 = Release|Any CPU
	EndGlobalSection
EndGlobal
