
Microsoft Visual Studio Solution File, Format Version 10.00
# Visual Studio 2008
Project("{FAE04EC0-301F-11D3-BF4B-00C04F79EFBC}") = "SetBackgrounds", "SetBackgrounds\SetBackgrounds.csproj", "{795CBE11-FB99-489D-B245-D7867E2FD2D2}"
EndProject
Global
	GlobalSection(SolutionConfigurationPlatforms) = preSolution
		Debug|Any CPU = Debug|Any CPU
		Release|Any CPU = Release|Any CPU
	EndGlobalSection
	GlobalSection(ProjectConfigurationPlatforms) = postSolution
		{795CBE11-FB99-489D-B245-D7867E2FD2D2}.Debug|Any CPU.ActiveCfg = Debug|Any CPU
		{795CBE11-FB99-489D-B245-D7867E2FD2D2}.Debug|Any CPU.Build.0 = Debug|Any CPU
		{795CBE11-FB99-489D-B245-D7867E2FD2D2}.Release|Any CPU.ActiveCfg = Release|Any CPU
		{795CBE11-FB99-489D-B245-D7867E2FD2D2}.Release|Any CPU.Build.0 = Release|Any CPU
	EndGlobalSection
EndGlobal
