
Microsoft Visual Studio Solution File, Format Version 10.00
# Visual Studio 2008
Project("{FAE04EC0-301F-11D3-BF4B-00C04F79EFBC}") = "AnimationWithoutStoryboards", "AnimationWithoutStoryboards\AnimationWithoutStoryboards.csproj", "{DBA7499A-9A3E-4ACC-A855-A124546DA316}"
EndProject
Global
	GlobalSection(SolutionConfigurationPlatforms) = preSolution
		Debug|Any CPU = Debug|Any CPU
		Release|Any CPU = Release|Any CPU
	EndGlobalSection
	GlobalSection(ProjectConfigurationPlatforms) = postSolution
		{DBA7499A-9A3E-4ACC-A855-A124546DA316}.Debug|Any CPU.ActiveCfg = Debug|Any CPU
		{DBA7499A-9A3E-4ACC-A855-A124546DA316}.Debug|Any CPU.Build.0 = Debug|Any CPU
		{DBA7499A-9A3E-4ACC-A855-A124546DA316}.Release|Any CPU.ActiveCfg = Release|Any CPU
		{DBA7499A-9A3E-4ACC-A855-A124546DA316}.Release|Any CPU.Build.0 = Release|Any CPU
	EndGlobalSection
EndGlobal
