
Microsoft Visual Studio Solution File, Format Version 10.00
# Visual Studio 2008
Project("{FAE04EC0-301F-11D3-BF4B-00C04F79EFBC}") = "SpreadMethods", "SpreadMethods\SpreadMethods.csproj", "{0AF9E35D-B075-4B32-B48C-8419471DD7C3}"
EndProject
Global
	GlobalSection(SolutionConfigurationPlatforms) = preSolution
		Debug|Any CPU = Debug|Any CPU
		Release|Any CPU = Release|Any CPU
	EndGlobalSection
	GlobalSection(ProjectConfigurationPlatforms) = postSolution
		{0AF9E35D-B075-4B32-B48C-8419471DD7C3}.Debug|Any CPU.ActiveCfg = Debug|Any CPU
		{0AF9E35D-B075-4B32-B48C-8419471DD7C3}.Debug|Any CPU.Build.0 = Debug|Any CPU
		{0AF9E35D-B075-4B32-B48C-8419471DD7C3}.Release|Any CPU.ActiveCfg = Release|Any CPU
		{0AF9E35D-B075-4B32-B48C-8419471DD7C3}.Release|Any CPU.Build.0 = Release|Any CPU
	EndGlobalSection
EndGlobal
