
Microsoft Visual Studio Solution File, Format Version 10.00
# Visual Studio 2008
Project("{FAE04EC0-301F-11D3-BF4B-00C04F79EFBC}") = "SimpleClock", "SimpleClock\SimpleClock.csproj", "{A16BC7BF-4F7B-45C4-9B60-1AD8D3FA5635}"
EndProject
Global
	GlobalSection(SolutionConfigurationPlatforms) = preSolution
		Debug|Any CPU = Debug|Any CPU
		Release|Any CPU = Release|Any CPU
	EndGlobalSection
	GlobalSection(ProjectConfigurationPlatforms) = postSolution
		{A16BC7BF-4F7B-45C4-9B60-1AD8D3FA5635}.Debug|Any CPU.ActiveCfg = Debug|Any CPU
		{A16BC7BF-4F7B-45C4-9B60-1AD8D3FA5635}.Debug|Any CPU.Build.0 = Debug|Any CPU
		{A16BC7BF-4F7B-45C4-9B60-1AD8D3FA5635}.Release|Any CPU.ActiveCfg = Release|Any CPU
		{A16BC7BF-4F7B-45C4-9B60-1AD8D3FA5635}.Release|Any CPU.Build.0 = Release|Any CPU
	EndGlobalSection
EndGlobal
