
Microsoft Visual Studio Solution File, Format Version 10.00
# Visual Studio 2008
Project("{FAE04EC0-301F-11D3-BF4B-00C04F79EFBC}") = "MakeComplexBrush", "MakeComplexBrush.csproj", "{4DBE38A6-22B8-4007-B4B9-D22A140A8247}"
EndProject
Global
	GlobalSection(SolutionConfigurationPlatforms) = preSolution
		Debug|Any CPU = Debug|Any CPU
		Release|Any CPU = Release|Any CPU
	EndGlobalSection
	GlobalSection(ProjectConfigurationPlatforms) = postSolution
		{4DBE38A6-22B8-4007-B4B9-D22A140A8247}.Debug|Any CPU.ActiveCfg = Debug|Any CPU
		{4DBE38A6-22B8-4007-B4B9-D22A140A8247}.Debug|Any CPU.Build.0 = Debug|Any CPU
		{4DBE38A6-22B8-4007-B4B9-D22A140A8247}.Release|Any CPU.ActiveCfg = Release|Any CPU
		{4DBE38A6-22B8-4007-B4B9-D22A140A8247}.Release|Any CPU.Build.0 = Release|Any CPU
	EndGlobalSection
	GlobalSection(SolutionProperties) = preSolution
		HideSolutionNode = FALSE
	EndGlobalSection
EndGlobal
