
Microsoft Visual Studio Solution File, Format Version 10.00
# Visual Studio 2008
Project("{FAE04EC0-301F-11D3-BF4B-00C04F79EFBC}") = "Lights", "Lights\Lights.csproj", "{43E5A42D-4630-4BDC-BCCD-67B732D4A87B}"
EndProject
Global
	GlobalSection(SolutionConfigurationPlatforms) = preSolution
		Debug|Any CPU = Debug|Any CPU
		Release|Any CPU = Release|Any CPU
	EndGlobalSection
	GlobalSection(ProjectConfigurationPlatforms) = postSolution
		{43E5A42D-4630-4BDC-BCCD-67B732D4A87B}.Debug|Any CPU.ActiveCfg = Debug|Any CPU
		{43E5A42D-4630-4BDC-BCCD-67B732D4A87B}.Debug|Any CPU.Build.0 = Debug|Any CPU
		{43E5A42D-4630-4BDC-BCCD-67B732D4A87B}.Release|Any CPU.ActiveCfg = Release|Any CPU
		{43E5A42D-4630-4BDC-BCCD-67B732D4A87B}.Release|Any CPU.Build.0 = Release|Any CPU
	EndGlobalSection
EndGlobal
