
Microsoft Visual Studio Solution File, Format Version 10.00
# Visual Studio 2008
Project("{FAE04EC0-301F-11D3-BF4B-00C04F79EFBC}") = "OrgChartXml", "OrgChartXml\OrgChartXml.csproj", "{78E3C129-8887-4A6E-A71F-AD4399C75907}"
EndProject
Global
	GlobalSection(SolutionConfigurationPlatforms) = preSolution
		Debug|Any CPU = Debug|Any CPU
		Release|Any CPU = Release|Any CPU
	EndGlobalSection
	GlobalSection(ProjectConfigurationPlatforms) = postSolution
		{78E3C129-8887-4A6E-A71F-AD4399C75907}.Debug|Any CPU.ActiveCfg = Debug|Any CPU
		{78E3C129-8887-4A6E-A71F-AD4399C75907}.Debug|Any CPU.Build.0 = Debug|Any CPU
		{78E3C129-8887-4A6E-A71F-AD4399C75907}.Release|Any CPU.ActiveCfg = Release|Any CPU
		{78E3C129-8887-4A6E-A71F-AD4399C75907}.Release|Any CPU.Build.0 = Release|Any CPU
	EndGlobalSection
EndGlobal
