
Microsoft Visual Studio Solution File, Format Version 10.00
# Visual Studio 2008
Project("{FAE04EC0-301F-11D3-BF4B-00C04F79EFBC}") = "UseCanvas", "UseCanvas\UseCanvas.csproj", "{D60DE0E9-1C8F-41C0-BBE5-59DA9742D221}"
EndProject
Global
	GlobalSection(SolutionConfigurationPlatforms) = preSolution
		Debug|Any CPU = Debug|Any CPU
		Release|Any CPU = Release|Any CPU
	EndGlobalSection
	GlobalSection(ProjectConfigurationPlatforms) = postSolution
		{D60DE0E9-1C8F-41C0-BBE5-59DA9742D221}.Debug|Any CPU.ActiveCfg = Debug|Any CPU
		{D60DE0E9-1C8F-41C0-BBE5-59DA9742D221}.Debug|Any CPU.Build.0 = Debug|Any CPU
		{D60DE0E9-1C8F-41C0-BBE5-59DA9742D221}.Release|Any CPU.ActiveCfg = Release|Any CPU
		{D60DE0E9-1C8F-41C0-BBE5-59DA9742D221}.Release|Any CPU.Build.0 = Release|Any CPU
	EndGlobalSection
EndGlobal
