
Microsoft Visual Studio Solution File, Format Version 10.00
# Visual Studio 2008
Project("{FAE04EC0-301F-11D3-BF4B-00C04F79EFBC}") = "MagnifiedVisualBrush", "MagnifiedVisualBrush\MagnifiedVisualBrush.csproj", "{5D416E48-7C3A-47EB-B04E-3FA9D8896B2B}"
EndProject
Global
	GlobalSection(SolutionConfigurationPlatforms) = preSolution
		Debug|Any CPU = Debug|Any CPU
		Release|Any CPU = Release|Any CPU
	EndGlobalSection
	GlobalSection(ProjectConfigurationPlatforms) = postSolution
		{5D416E48-7C3A-47EB-B04E-3FA9D8896B2B}.Debug|Any CPU.ActiveCfg = Debug|Any CPU
		{5D416E48-7C3A-47EB-B04E-3FA9D8896B2B}.Debug|Any CPU.Build.0 = Debug|Any CPU
		{5D416E48-7C3A-47EB-B04E-3FA9D8896B2B}.Release|Any CPU.ActiveCfg = Release|Any CPU
		{5D416E48-7C3A-47EB-B04E-3FA9D8896B2B}.Release|Any CPU.Build.0 = Release|Any CPU
	EndGlobalSection
EndGlobal
