
Microsoft Visual Studio Solution File, Format Version 10.00
# Visual Studio 2008
Project("{FAE04EC0-301F-11D3-BF4B-00C04F79EFBC}") = "UseTreeView", "UseTreeView\UseTreeView.csproj", "{4A7D44B3-8AB3-4FF0-9FE6-E9871E5AFD01}"
EndProject
Global
	GlobalSection(SolutionConfigurationPlatforms) = preSolution
		Debug|Any CPU = Debug|Any CPU
		Release|Any CPU = Release|Any CPU
	EndGlobalSection
	GlobalSection(ProjectConfigurationPlatforms) = postSolution
		{4A7D44B3-8AB3-4FF0-9FE6-E9871E5AFD01}.Debug|Any CPU.ActiveCfg = Debug|Any CPU
		{4A7D44B3-8AB3-4FF0-9FE6-E9871E5AFD01}.Debug|Any CPU.Build.0 = Debug|Any CPU
		{4A7D44B3-8AB3-4FF0-9FE6-E9871E5AFD01}.Release|Any CPU.ActiveCfg = Release|Any CPU
		{4A7D44B3-8AB3-4FF0-9FE6-E9871E5AFD01}.Release|Any CPU.Build.0 = Release|Any CPU
	EndGlobalSection
EndGlobal
