
Microsoft Visual Studio Solution File, Format Version 10.00
# Visual Studio 2008
Project("{FAE04EC0-301F-11D3-BF4B-00C04F79EFBC}") = "RovingButtonWithSplines", "RovingButtonWithSplines\RovingButtonWithSplines.csproj", "{6DB0540D-7002-4D61-9AFE-20C534D7B31D}"
EndProject
Global
	GlobalSection(SolutionConfigurationPlatforms) = preSolution
		Debug|Any CPU = Debug|Any CPU
		Release|Any CPU = Release|Any CPU
	EndGlobalSection
	GlobalSection(ProjectConfigurationPlatforms) = postSolution
		{6DB0540D-7002-4D61-9AFE-20C534D7B31D}.Debug|Any CPU.ActiveCfg = Debug|Any CPU
		{6DB0540D-7002-4D61-9AFE-20C534D7B31D}.Debug|Any CPU.Build.0 = Debug|Any CPU
		{6DB0540D-7002-4D61-9AFE-20C534D7B31D}.Release|Any CPU.ActiveCfg = Release|Any CPU
		{6DB0540D-7002-4D61-9AFE-20C534D7B31D}.Release|Any CPU.Build.0 = Release|Any CPU
	EndGlobalSection
EndGlobal
