
Microsoft Visual Studio Solution File, Format Version 10.00
# Visual Studio 2008
Project("{FAE04EC0-301F-11D3-BF4B-00C04F79EFBC}") = "ButtonValues", "ButtonValues\ButtonValues.csproj", "{27ACD97A-44C1-4A50-83CA-56EE8ADA2454}"
EndProject
Global
	GlobalSection(SolutionConfigurationPlatforms) = preSolution
		Debug|Any CPU = Debug|Any CPU
		Release|Any CPU = Release|Any CPU
	EndGlobalSection
	GlobalSection(ProjectConfigurationPlatforms) = postSolution
		{27ACD97A-44C1-4A50-83CA-56EE8ADA2454}.Debug|Any CPU.ActiveCfg = Debug|Any CPU
		{27ACD97A-44C1-4A50-83CA-56EE8ADA2454}.Debug|Any CPU.Build.0 = Debug|Any CPU
		{27ACD97A-44C1-4A50-83CA-56EE8ADA2454}.Release|Any CPU.ActiveCfg = Release|Any CPU
		{27ACD97A-44C1-4A50-83CA-56EE8ADA2454}.Release|Any CPU.Build.0 = Release|Any CPU
	EndGlobalSection
EndGlobal
