
Microsoft Visual Studio Solution File, Format Version 10.00
# Visual Studio 2008
Project("{FAE04EC0-301F-11D3-BF4B-00C04F79EFBC}") = "PropertyTriggerButton", "PropertyTriggerButton\PropertyTriggerButton.csproj", "{1D9BD0C3-7556-433D-89D0-AD7F7FE66105}"
EndProject
Global
	GlobalSection(SolutionConfigurationPlatforms) = preSolution
		Debug|Any CPU = Debug|Any CPU
		Release|Any CPU = Release|Any CPU
	EndGlobalSection
	GlobalSection(ProjectConfigurationPlatforms) = postSolution
		{1D9BD0C3-7556-433D-89D0-AD7F7FE66105}.Debug|Any CPU.ActiveCfg = Debug|Any CPU
		{1D9BD0C3-7556-433D-89D0-AD7F7FE66105}.Debug|Any CPU.Build.0 = Debug|Any CPU
		{1D9BD0C3-7556-433D-89D0-AD7F7FE66105}.Release|Any CPU.ActiveCfg = Release|Any CPU
		{1D9BD0C3-7556-433D-89D0-AD7F7FE66105}.Release|Any CPU.Build.0 = Release|Any CPU
	EndGlobalSection
EndGlobal
