
Microsoft Visual Studio Solution File, Format Version 10.00
# Visual Studio 2008
Project("{FAE04EC0-301F-11D3-BF4B-00C04F79EFBC}") = "CameraTypes", "CameraTypes\CameraTypes.csproj", "{14B1245B-00B8-4270-B568-A6E42A9156F2}"
EndProject
Global
	GlobalSection(SolutionConfigurationPlatforms) = preSolution
		Debug|Any CPU = Debug|Any CPU
		Release|Any CPU = Release|Any CPU
	EndGlobalSection
	GlobalSection(ProjectConfigurationPlatforms) = postSolution
		{14B1245B-00B8-4270-B568-A6E42A9156F2}.Debug|Any CPU.ActiveCfg = Debug|Any CPU
		{14B1245B-00B8-4270-B568-A6E42A9156F2}.Debug|Any CPU.Build.0 = Debug|Any CPU
		{14B1245B-00B8-4270-B568-A6E42A9156F2}.Release|Any CPU.ActiveCfg = Release|Any CPU
		{14B1245B-00B8-4270-B568-A6E42A9156F2}.Release|Any CPU.Build.0 = Release|Any CPU
	EndGlobalSection
EndGlobal
