
Microsoft Visual Studio Solution File, Format Version 10.00
# Visual Studio 2008
Project("{FAE04EC0-301F-11D3-BF4B-00C04F79EFBC}") = "PathObjects", "PathObjects\PathObjects.csproj", "{FCCC8216-6F4B-4511-8F94-F90ECE46C798}"
EndProject
Global
	GlobalSection(SolutionConfigurationPlatforms) = preSolution
		Debug|Any CPU = Debug|Any CPU
		Release|Any CPU = Release|Any CPU
	EndGlobalSection
	GlobalSection(ProjectConfigurationPlatforms) = postSolution
		{FCCC8216-6F4B-4511-8F94-F90ECE46C798}.Debug|Any CPU.ActiveCfg = Debug|Any CPU
		{FCCC8216-6F4B-4511-8F94-F90ECE46C798}.Debug|Any CPU.Build.0 = Debug|Any CPU
		{FCCC8216-6F4B-4511-8F94-F90ECE46C798}.Release|Any CPU.ActiveCfg = Release|Any CPU
		{FCCC8216-6F4B-4511-8F94-F90ECE46C798}.Release|Any CPU.Build.0 = Release|Any CPU
	EndGlobalSection
EndGlobal
