
Microsoft Visual Studio Solution File, Format Version 10.00
# Visual Studio 2008
Project("{FAE04EC0-301F-11D3-BF4B-00C04F79EFBC}") = "AttachedProperties", "AttachedProperties\AttachedProperties.csproj", "{77CA2990-B94C-4A61-86DC-368D72BAF318}"
EndProject
Global
	GlobalSection(SolutionConfigurationPlatforms) = preSolution
		Debug|Any CPU = Debug|Any CPU
		Release|Any CPU = Release|Any CPU
	EndGlobalSection
	GlobalSection(ProjectConfigurationPlatforms) = postSolution
		{77CA2990-B94C-4A61-86DC-368D72BAF318}.Debug|Any CPU.ActiveCfg = Debug|Any CPU
		{77CA2990-B94C-4A61-86DC-368D72BAF318}.Debug|Any CPU.Build.0 = Debug|Any CPU
		{77CA2990-B94C-4A61-86DC-368D72BAF318}.Release|Any CPU.ActiveCfg = Release|Any CPU
		{77CA2990-B94C-4A61-86DC-368D72BAF318}.Release|Any CPU.Build.0 = Release|Any CPU
	EndGlobalSection
EndGlobal
