
Microsoft Visual Studio Solution File, Format Version 10.00
# Visual Studio 2008
Project("{FAE04EC0-301F-11D3-BF4B-00C04F79EFBC}") = "DynamicLabelResource", "DynamicLabelResource\DynamicLabelResource.csproj", "{060D2E0E-EBD7-42F9-8558-0FA2E5213FBD}"
EndProject
Global
	GlobalSection(SolutionConfigurationPlatforms) = preSolution
		Debug|Any CPU = Debug|Any CPU
		Release|Any CPU = Release|Any CPU
	EndGlobalSection
	GlobalSection(ProjectConfigurationPlatforms) = postSolution
		{060D2E0E-EBD7-42F9-8558-0FA2E5213FBD}.Debug|Any CPU.ActiveCfg = Debug|Any CPU
		{060D2E0E-EBD7-42F9-8558-0FA2E5213FBD}.Debug|Any CPU.Build.0 = Debug|Any CPU
		{060D2E0E-EBD7-42F9-8558-0FA2E5213FBD}.Release|Any CPU.ActiveCfg = Release|Any CPU
		{060D2E0E-EBD7-42F9-8558-0FA2E5213FBD}.Release|Any CPU.Build.0 = Release|Any CPU
	EndGlobalSection
EndGlobal
