
Microsoft Visual Studio Solution File, Format Version 10.00
# Visual Studio 2008
Project("{FAE04EC0-301F-11D3-BF4B-00C04F79EFBC}") = "StrokeMiterLimit", "StrokeMiterLimit\StrokeMiterLimit.csproj", "{0FF2CD0C-3E58-43CB-84DE-1F5C2D523C7C}"
EndProject
Global
	GlobalSection(SolutionConfigurationPlatforms) = preSolution
		Debug|Any CPU = Debug|Any CPU
		Release|Any CPU = Release|Any CPU
	EndGlobalSection
	GlobalSection(ProjectConfigurationPlatforms) = postSolution
		{0FF2CD0C-3E58-43CB-84DE-1F5C2D523C7C}.Debug|Any CPU.ActiveCfg = Debug|Any CPU
		{0FF2CD0C-3E58-43CB-84DE-1F5C2D523C7C}.Debug|Any CPU.Build.0 = Debug|Any CPU
		{0FF2CD0C-3E58-43CB-84DE-1F5C2D523C7C}.Release|Any CPU.ActiveCfg = Release|Any CPU
		{0FF2CD0C-3E58-43CB-84DE-1F5C2D523C7C}.Release|Any CPU.Build.0 = Release|Any CPU
	EndGlobalSection
EndGlobal
