
Microsoft Visual Studio Solution File, Format Version 10.00
# Visual Studio 2008
Project("{FAE04EC0-301F-11D3-BF4B-00C04F79EFBC}") = "Transformations", "Transformations\Transformations.csproj", "{C834E8B7-4FDF-4544-AD19-FC61F460A33D}"
EndProject
Global
	GlobalSection(SolutionConfigurationPlatforms) = preSolution
		Debug|Any CPU = Debug|Any CPU
		Release|Any CPU = Release|Any CPU
	EndGlobalSection
	GlobalSection(ProjectConfigurationPlatforms) = postSolution
		{C834E8B7-4FDF-4544-AD19-FC61F460A33D}.Debug|Any CPU.ActiveCfg = Debug|Any CPU
		{C834E8B7-4FDF-4544-AD19-FC61F460A33D}.Debug|Any CPU.Build.0 = Debug|Any CPU
		{C834E8B7-4FDF-4544-AD19-FC61F460A33D}.Release|Any CPU.ActiveCfg = Release|Any CPU
		{C834E8B7-4FDF-4544-AD19-FC61F460A33D}.Release|Any CPU.Build.0 = Release|Any CPU
	EndGlobalSection
EndGlobal
