
Microsoft Visual Studio Solution File, Format Version 10.00
# Visual Studio 2008
Project("{FAE04EC0-301F-11D3-BF4B-00C04F79EFBC}") = "UseSlider", "UseSlider\UseSlider.csproj", "{530CAB4C-F9BD-4CE0-A377-62E04A6238C4}"
EndProject
Global
	GlobalSection(SolutionConfigurationPlatforms) = preSolution
		Debug|Any CPU = Debug|Any CPU
		Release|Any CPU = Release|Any CPU
	EndGlobalSection
	GlobalSection(ProjectConfigurationPlatforms) = postSolution
		{530CAB4C-F9BD-4CE0-A377-62E04A6238C4}.Debug|Any CPU.ActiveCfg = Debug|Any CPU
		{530CAB4C-F9BD-4CE0-A377-62E04A6238C4}.Debug|Any CPU.Build.0 = Debug|Any CPU
		{530CAB4C-F9BD-4CE0-A377-62E04A6238C4}.Release|Any CPU.ActiveCfg = Release|Any CPU
		{530CAB4C-F9BD-4CE0-A377-62E04A6238C4}.Release|Any CPU.Build.0 = Release|Any CPU
	EndGlobalSection
EndGlobal
