
Microsoft Visual Studio Solution File, Format Version 10.00
# Visual Studio 2008
Project("{FAE04EC0-301F-11D3-BF4B-00C04F79EFBC}") = "TypeAColor", "TypeAColor\TypeAColor.csproj", "{AA94010B-9096-49E5-B7EF-E9DC2582116C}"
EndProject
Global
	GlobalSection(SolutionConfigurationPlatforms) = preSolution
		Debug|Any CPU = Debug|Any CPU
		Release|Any CPU = Release|Any CPU
	EndGlobalSection
	GlobalSection(ProjectConfigurationPlatforms) = postSolution
		{AA94010B-9096-49E5-B7EF-E9DC2582116C}.Debug|Any CPU.ActiveCfg = Debug|Any CPU
		{AA94010B-9096-49E5-B7EF-E9DC2582116C}.Debug|Any CPU.Build.0 = Debug|Any CPU
		{AA94010B-9096-49E5-B7EF-E9DC2582116C}.Release|Any CPU.ActiveCfg = Release|Any CPU
		{AA94010B-9096-49E5-B7EF-E9DC2582116C}.Release|Any CPU.Build.0 = Release|Any CPU
	EndGlobalSection
EndGlobal
