
Microsoft Visual Studio Solution File, Format Version 10.00
# Visual Studio 2008
Project("{FAE04EC0-301F-11D3-BF4B-00C04F79EFBC}") = "MakeSurface", "MakeSurface\MakeSurface.csproj", "{D3F28ACD-FD2F-4C6B-A082-9E4B2A1A3526}"
EndProject
Global
	GlobalSection(SolutionConfigurationPlatforms) = preSolution
		Debug|Any CPU = Debug|Any CPU
		Release|Any CPU = Release|Any CPU
	EndGlobalSection
	GlobalSection(ProjectConfigurationPlatforms) = postSolution
		{D3F28ACD-FD2F-4C6B-A082-9E4B2A1A3526}.Debug|Any CPU.ActiveCfg = Debug|Any CPU
		{D3F28ACD-FD2F-4C6B-A082-9E4B2A1A3526}.Debug|Any CPU.Build.0 = Debug|Any CPU
		{D3F28ACD-FD2F-4C6B-A082-9E4B2A1A3526}.Release|Any CPU.ActiveCfg = Release|Any CPU
		{D3F28ACD-FD2F-4C6B-A082-9E4B2A1A3526}.Release|Any CPU.Build.0 = Release|Any CPU
	EndGlobalSection
EndGlobal
