
Microsoft Visual Studio Solution File, Format Version 10.00
# Visual Studio 2008
Project("{FAE04EC0-301F-11D3-BF4B-00C04F79EFBC}") = "PolygonPolylineDifference", "PolygonPolylineDifference\PolygonPolylineDifference.csproj", "{DBCC4310-BCCB-4312-B81E-F82636CA89A8}"
EndProject
Global
	GlobalSection(SolutionConfigurationPlatforms) = preSolution
		Debug|Any CPU = Debug|Any CPU
		Release|Any CPU = Release|Any CPU
	EndGlobalSection
	GlobalSection(ProjectConfigurationPlatforms) = postSolution
		{DBCC4310-BCCB-4312-B81E-F82636CA89A8}.Debug|Any CPU.ActiveCfg = Debug|Any CPU
		{DBCC4310-BCCB-4312-B81E-F82636CA89A8}.Debug|Any CPU.Build.0 = Debug|Any CPU
		{DBCC4310-BCCB-4312-B81E-F82636CA89A8}.Release|Any CPU.ActiveCfg = Release|Any CPU
		{DBCC4310-BCCB-4312-B81E-F82636CA89A8}.Release|Any CPU.Build.0 = Release|Any CPU
	EndGlobalSection
EndGlobal
