
Microsoft Visual Studio Solution File, Format Version 10.00
# Visual Studio 2008
Project("{FAE04EC0-301F-11D3-BF4B-00C04F79EFBC}") = "ContentResource", "ContentResource\ContentResource.csproj", "{98A88480-2219-4617-8AB8-4FBAFFF9BC2E}"
EndProject
Global
	GlobalSection(SolutionConfigurationPlatforms) = preSolution
		Debug|Any CPU = Debug|Any CPU
		Release|Any CPU = Release|Any CPU
	EndGlobalSection
	GlobalSection(ProjectConfigurationPlatforms) = postSolution
		{98A88480-2219-4617-8AB8-4FBAFFF9BC2E}.Debug|Any CPU.ActiveCfg = Debug|Any CPU
		{98A88480-2219-4617-8AB8-4FBAFFF9BC2E}.Debug|Any CPU.Build.0 = Debug|Any CPU
		{98A88480-2219-4617-8AB8-4FBAFFF9BC2E}.Release|Any CPU.ActiveCfg = Release|Any CPU
		{98A88480-2219-4617-8AB8-4FBAFFF9BC2E}.Release|Any CPU.Build.0 = Release|Any CPU
	EndGlobalSection
EndGlobal
