
Microsoft Visual Studio Solution File, Format Version 10.00
# Visual Studio 2008
Project("{FAE04EC0-301F-11D3-BF4B-00C04F79EFBC}") = "ModifiedScrollBar", "ModifiedScrollBar\ModifiedScrollBar.csproj", "{FFFEB388-8817-4BFA-9670-7177ACDDC875}"
EndProject
Global
	GlobalSection(SolutionConfigurationPlatforms) = preSolution
		Debug|Any CPU = Debug|Any CPU
		Release|Any CPU = Release|Any CPU
	EndGlobalSection
	GlobalSection(ProjectConfigurationPlatforms) = postSolution
		{FFFEB388-8817-4BFA-9670-7177ACDDC875}.Debug|Any CPU.ActiveCfg = Debug|Any CPU
		{FFFEB388-8817-4BFA-9670-7177ACDDC875}.Debug|Any CPU.Build.0 = Debug|Any CPU
		{FFFEB388-8817-4BFA-9670-7177ACDDC875}.Release|Any CPU.ActiveCfg = Release|Any CPU
		{FFFEB388-8817-4BFA-9670-7177ACDDC875}.Release|Any CPU.Build.0 = Release|Any CPU
	EndGlobalSection
EndGlobal
