
Microsoft Visual Studio Solution File, Format Version 10.00
# Visual Studio 2008
Project("{FAE04EC0-301F-11D3-BF4B-00C04F79EFBC}") = "ImageOpacityMask", "ImageOpacityMask\ImageOpacityMask.csproj", "{27EF3A5D-28A5-4D60-95CE-E5B8B0B48B47}"
EndProject
Global
	GlobalSection(SolutionConfigurationPlatforms) = preSolution
		Debug|Any CPU = Debug|Any CPU
		Release|Any CPU = Release|Any CPU
	EndGlobalSection
	GlobalSection(ProjectConfigurationPlatforms) = postSolution
		{27EF3A5D-28A5-4D60-95CE-E5B8B0B48B47}.Debug|Any CPU.ActiveCfg = Debug|Any CPU
		{27EF3A5D-28A5-4D60-95CE-E5B8B0B48B47}.Debug|Any CPU.Build.0 = Debug|Any CPU
		{27EF3A5D-28A5-4D60-95CE-E5B8B0B48B47}.Release|Any CPU.ActiveCfg = Release|Any CPU
		{27EF3A5D-28A5-4D60-95CE-E5B8B0B48B47}.Release|Any CPU.Build.0 = Release|Any CPU
	EndGlobalSection
EndGlobal
