
Microsoft Visual Studio Solution File, Format Version 10.00
# Visual Studio 2008
Project("{FAE04EC0-301F-11D3-BF4B-00C04F79EFBC}") = "TransformedControls", "TransformedControls\TransformedControls.csproj", "{B1C26751-A477-432D-B897-E53B8EAACADC}"
EndProject
Global
	GlobalSection(SolutionConfigurationPlatforms) = preSolution
		Debug|Any CPU = Debug|Any CPU
		Release|Any CPU = Release|Any CPU
	EndGlobalSection
	GlobalSection(ProjectConfigurationPlatforms) = postSolution
		{B1C26751-A477-432D-B897-E53B8EAACADC}.Debug|Any CPU.ActiveCfg = Debug|Any CPU
		{B1C26751-A477-432D-B897-E53B8EAACADC}.Debug|Any CPU.Build.0 = Debug|Any CPU
		{B1C26751-A477-432D-B897-E53B8EAACADC}.Release|Any CPU.ActiveCfg = Release|Any CPU
		{B1C26751-A477-432D-B897-E53B8EAACADC}.Release|Any CPU.Build.0 = Release|Any CPU
	EndGlobalSection
EndGlobal
