
Microsoft Visual Studio Solution File, Format Version 10.00
# Visual Studio 2008
Project("{FAE04EC0-301F-11D3-BF4B-00C04F79EFBC}") = "FillRules", "FillRules\FillRules.csproj", "{AB3AE9DA-F34F-4221-91E6-D1C133DCB6C6}"
EndProject
Global
	GlobalSection(SolutionConfigurationPlatforms) = preSolution
		Debug|Any CPU = Debug|Any CPU
		Release|Any CPU = Release|Any CPU
	EndGlobalSection
	GlobalSection(ProjectConfigurationPlatforms) = postSolution
		{AB3AE9DA-F34F-4221-91E6-D1C133DCB6C6}.Debug|Any CPU.ActiveCfg = Debug|Any CPU
		{AB3AE9DA-F34F-4221-91E6-D1C133DCB6C6}.Debug|Any CPU.Build.0 = Debug|Any CPU
		{AB3AE9DA-F34F-4221-91E6-D1C133DCB6C6}.Release|Any CPU.ActiveCfg = Release|Any CPU
		{AB3AE9DA-F34F-4221-91E6-D1C133DCB6C6}.Release|Any CPU.Build.0 = Release|Any CPU
	EndGlobalSection
EndGlobal
