
Microsoft Visual Studio Solution File, Format Version 10.00
# Visual Studio 2008
Project("{FAE04EC0-301F-11D3-BF4B-00C04F79EFBC}") = "ColumnWidths", "ColumnWidths\ColumnWidths.csproj", "{ACBFC7A9-A9A9-4A31-A49A-3F3232B6AF8C}"
EndProject
Global
	GlobalSection(SolutionConfigurationPlatforms) = preSolution
		Debug|Any CPU = Debug|Any CPU
		Release|Any CPU = Release|Any CPU
	EndGlobalSection
	GlobalSection(ProjectConfigurationPlatforms) = postSolution
		{ACBFC7A9-A9A9-4A31-A49A-3F3232B6AF8C}.Debug|Any CPU.ActiveCfg = Debug|Any CPU
		{ACBFC7A9-A9A9-4A31-A49A-3F3232B6AF8C}.Debug|Any CPU.Build.0 = Debug|Any CPU
		{ACBFC7A9-A9A9-4A31-A49A-3F3232B6AF8C}.Release|Any CPU.ActiveCfg = Release|Any CPU
		{ACBFC7A9-A9A9-4A31-A49A-3F3232B6AF8C}.Release|Any CPU.Build.0 = Release|Any CPU
	EndGlobalSection
EndGlobal
