
Microsoft Visual Studio Solution File, Format Version 10.00
# Visual Studio 2008
Project("{FAE04EC0-301F-11D3-BF4B-00C04F79EFBC}") = "Heart", "Heart\Heart.csproj", "{B3A04AD0-6FF3-47A3-8D83-16D31CDA3E6B}"
EndProject
Global
	GlobalSection(SolutionConfigurationPlatforms) = preSolution
		Debug|Any CPU = Debug|Any CPU
		Release|Any CPU = Release|Any CPU
	EndGlobalSection
	GlobalSection(ProjectConfigurationPlatforms) = postSolution
		{B3A04AD0-6FF3-47A3-8D83-16D31CDA3E6B}.Debug|Any CPU.ActiveCfg = Debug|Any CPU
		{B3A04AD0-6FF3-47A3-8D83-16D31CDA3E6B}.Debug|Any CPU.Build.0 = Debug|Any CPU
		{B3A04AD0-6FF3-47A3-8D83-16D31CDA3E6B}.Release|Any CPU.ActiveCfg = Release|Any CPU
		{B3A04AD0-6FF3-47A3-8D83-16D31CDA3E6B}.Release|Any CPU.Build.0 = Release|Any CPU
	EndGlobalSection
EndGlobal
