
Microsoft Visual Studio Solution File, Format Version 10.00
# Visual Studio 2008
Project("{FAE04EC0-301F-11D3-BF4B-00C04F79EFBC}") = "ColorList", "ColorList\ColorList.csproj", "{AC379391-1822-46EC-8F55-7EE09E4A3020}"
EndProject
Global
	GlobalSection(SolutionConfigurationPlatforms) = preSolution
		Debug|Any CPU = Debug|Any CPU
		Release|Any CPU = Release|Any CPU
	EndGlobalSection
	GlobalSection(ProjectConfigurationPlatforms) = postSolution
		{AC379391-1822-46EC-8F55-7EE09E4A3020}.Debug|Any CPU.ActiveCfg = Debug|Any CPU
		{AC379391-1822-46EC-8F55-7EE09E4A3020}.Debug|Any CPU.Build.0 = Debug|Any CPU
		{AC379391-1822-46EC-8F55-7EE09E4A3020}.Release|Any CPU.ActiveCfg = Release|Any CPU
		{AC379391-1822-46EC-8F55-7EE09E4A3020}.Release|Any CPU.Build.0 = Release|Any CPU
	EndGlobalSection
EndGlobal
