
Microsoft Visual Studio Solution File, Format Version 10.00
# Visual Studio 2008
Project("{FAE04EC0-301F-11D3-BF4B-00C04F79EFBC}") = "GrowingButtons", "GrowingButtons\GrowingButtons.csproj", "{33C3E45A-298E-4482-AAA7-4EB04C1EEF2D}"
EndProject
Global
	GlobalSection(SolutionConfigurationPlatforms) = preSolution
		Debug|Any CPU = Debug|Any CPU
		Release|Any CPU = Release|Any CPU
	EndGlobalSection
	GlobalSection(ProjectConfigurationPlatforms) = postSolution
		{33C3E45A-298E-4482-AAA7-4EB04C1EEF2D}.Debug|Any CPU.ActiveCfg = Debug|Any CPU
		{33C3E45A-298E-4482-AAA7-4EB04C1EEF2D}.Debug|Any CPU.Build.0 = Debug|Any CPU
		{33C3E45A-298E-4482-AAA7-4EB04C1EEF2D}.Release|Any CPU.ActiveCfg = Release|Any CPU
		{33C3E45A-298E-4482-AAA7-4EB04C1EEF2D}.Release|Any CPU.Build.0 = Release|Any CPU
	EndGlobalSection
EndGlobal
